
Microsoft Visual Studio Solution File, Format Version 12.00
# Visual Studio 2013
VisualStudioVersion = 12.0.31101.0
MinimumVisualStudioVersion = 10.0.40219.1
Project("{FAE04EC0-301F-11D3-BF4B-00C04F79EFBC}") = "Observer", "Observer\Observer.csproj", "{8CA82091-02B5-469A-98EC-29DBE86549E1}"
EndProject
Project("{FAE04EC0-301F-11D3-BF4B-00C04F79EFBC}") = "ObserverWithEventHandler", "ObserverWithEventHandler\ObserverWithEventHandler.csproj", "{FC216F24-E630-46C9-B927-A9FE7F7E8D3C}"
EndProject
Project("{FAE04EC0-301F-11D3-BF4B-00C04F79EFBC}") = "ObserverExercise", "ObserverExercise\ObserverExercise.csproj", "{A866E2AC-0A3C-4D4B-9049-7558078C43C1}"
EndProject
Global
	GlobalSection(SolutionConfigurationPlatforms) = preSolution
		Debug|Any CPU = Debug|Any CPU
		Release|Any CPU = Release|Any CPU
	EndGlobalSection
	GlobalSection(ProjectConfigurationPlatforms) = postSolution
		{8CA82091-02B5-469A-98EC-29DBE86549E1}.Debug|Any CPU.ActiveCfg = Debug|Any CPU
		{8CA82091-02B5-469A-98EC-29DBE86549E1}.Debug|Any CPU.Build.0 = Debug|Any CPU
		{8CA82091-02B5-469A-98EC-29DBE86549E1}.Release|Any CPU.ActiveCfg = Release|Any CPU
		{8CA82091-02B5-469A-98EC-29DBE86549E1}.Release|Any CPU.Build.0 = Release|Any CPU
		{FC216F24-E630-46C9-B927-A9FE7F7E8D3C}.Debug|Any CPU.ActiveCfg = Debug|Any CPU
		{FC216F24-E630-46C9-B927-A9FE7F7E8D3C}.Debug|Any CPU.Build.0 = Debug|Any CPU
		{FC216F24-E630-46C9-B927-A9FE7F7E8D3C}.Release|Any CPU.ActiveCfg = Release|Any CPU
		{FC216F24-E630-46C9-B927-A9FE7F7E8D3C}.Release|Any CPU.Build.0 = Release|Any CPU
		{A866E2AC-0A3C-4D4B-9049-7558078C43C1}.Debug|Any CPU.ActiveCfg = Debug|Any CPU
		{A866E2AC-0A3C-4D4B-9049-7558078C43C1}.Debug|Any CPU.Build.0 = Debug|Any CPU
		{A866E2AC-0A3C-4D4B-9049-7558078C43C1}.Release|Any CPU.ActiveCfg = Release|Any CPU
		{A866E2AC-0A3C-4D4B-9049-7558078C43C1}.Release|Any CPU.Build.0 = Release|Any CPU
	EndGlobalSection
	GlobalSection(SolutionProperties) = preSolution
		HideSolutionNode = FALSE
	EndGlobalSection
EndGlobal
