
Microsoft Visual Studio Solution File, Format Version 11.00
# Visual Studio 2010
Project("{FAE04EC0-301F-11D3-BF4B-00C04F79EFBC}") = "Decorator", "Decorator\Decorator.csproj", "{29423879-CA76-4A09-8A04-BA7635DF18A0}"
EndProject
Global
	GlobalSection(SolutionConfigurationPlatforms) = preSolution
		Debug|x86 = Debug|x86
		Release|x86 = Release|x86
	EndGlobalSection
	GlobalSection(ProjectConfigurationPlatforms) = postSolution
		{29423879-CA76-4A09-8A04-BA7635DF18A0}.Debug|x86.ActiveCfg = Debug|x86
		{29423879-CA76-4A09-8A04-BA7635DF18A0}.Debug|x86.Build.0 = Debug|x86
		{29423879-CA76-4A09-8A04-BA7635DF18A0}.Release|x86.ActiveCfg = Release|x86
		{29423879-CA76-4A09-8A04-BA7635DF18A0}.Release|x86.Build.0 = Release|x86
	EndGlobalSection
	GlobalSection(SolutionProperties) = preSolution
		HideSolutionNode = FALSE
	EndGlobalSection
EndGlobal
